
Microsoft Visual Studio Solution File, Format Version 12.00
Project("{FAE04EC0-301F-11D3-BF4B-00C04F79EFBC}") = "Ensek.AppHost", "Ensek.AppHost\Ensek.AppHost.csproj", "{645066C7-1A38-441C-B43B-1CA85C7A2FA4}"
EndProject
Project("{FAE04EC0-301F-11D3-BF4B-00C04F79EFBC}") = "Ensek.Api", "Ensek.Api\Ensek.Api.csproj", "{C5715734-0421-4DA2-8C7B-581694426BDE}"
EndProject
Project("{2150E333-8FDC-42A3-9474-1A3956D46DE8}") = "Docs", "Docs", "{6EA0753B-A648-4F6A-9FF6-8C11431FC0BC}"
	ProjectSection(SolutionItems) = preProject
		Docs\ENSEK REMOTE TECHNICAL TEST BRIEF.pptx = Docs\ENSEK REMOTE TECHNICAL TEST BRIEF.pptx
		Docs\Meter_Reading.csv = Docs\Meter_Reading.csv
		Docs\Test_Accounts.csv = Docs\Test_Accounts.csv
	EndProjectSection
EndProject
Project("{FAE04EC0-301F-11D3-BF4B-00C04F79EFBC}") = "Ensek.Api.Tests", "Ensek.Api.Tests\Ensek.Api.Tests.csproj", "{B0D3EF81-021C-4D5E-B2D8-1EE82915CF73}"
EndProject
Project("{2150E333-8FDC-42A3-9474-1A3956D46DE8}") = "SolutionItems", "SolutionItems", "{559331F5-007F-4272-90E2-5CCDCF0A9B1B}"
	ProjectSection(SolutionItems) = preProject
		readme.md = readme.md
	EndProjectSection
EndProject
Global
	GlobalSection(SolutionConfigurationPlatforms) = preSolution
		Debug|Any CPU = Debug|Any CPU
		Release|Any CPU = Release|Any CPU
	EndGlobalSection
	GlobalSection(ProjectConfigurationPlatforms) = postSolution
		{645066C7-1A38-441C-B43B-1CA85C7A2FA4}.Debug|Any CPU.ActiveCfg = Debug|Any CPU
		{645066C7-1A38-441C-B43B-1CA85C7A2FA4}.Debug|Any CPU.Build.0 = Debug|Any CPU
		{645066C7-1A38-441C-B43B-1CA85C7A2FA4}.Release|Any CPU.ActiveCfg = Release|Any CPU
		{645066C7-1A38-441C-B43B-1CA85C7A2FA4}.Release|Any CPU.Build.0 = Release|Any CPU
		{C5715734-0421-4DA2-8C7B-581694426BDE}.Debug|Any CPU.ActiveCfg = Debug|Any CPU
		{C5715734-0421-4DA2-8C7B-581694426BDE}.Debug|Any CPU.Build.0 = Debug|Any CPU
		{C5715734-0421-4DA2-8C7B-581694426BDE}.Release|Any CPU.ActiveCfg = Release|Any CPU
		{C5715734-0421-4DA2-8C7B-581694426BDE}.Release|Any CPU.Build.0 = Release|Any CPU
		{B0D3EF81-021C-4D5E-B2D8-1EE82915CF73}.Debug|Any CPU.ActiveCfg = Debug|Any CPU
		{B0D3EF81-021C-4D5E-B2D8-1EE82915CF73}.Debug|Any CPU.Build.0 = Debug|Any CPU
		{B0D3EF81-021C-4D5E-B2D8-1EE82915CF73}.Release|Any CPU.ActiveCfg = Release|Any CPU
		{B0D3EF81-021C-4D5E-B2D8-1EE82915CF73}.Release|Any CPU.Build.0 = Release|Any CPU
	EndGlobalSection
EndGlobal
